// !$*UTF8*$!
{
	archiveVersion = 1;
	classes = {
	};
	objectVersion = 50;
	objects = {

/* Begin PBXBuildFile section */
		6513D66C22DC0B4E00B4BD57 /* Button.swift in Sources */ = {isa = PBXBuildFile; fileRef = 6513D66B22DC0B4E00B4BD57 /* Button.swift */; };
		6523C0822316E5400071AB4B /* ufo2loop.wav in Resources */ = {isa = PBXBuildFile; fileRef = 6523C0812316E5400071AB4B /* ufo2loop.wav */; };
		6523C0842316E54E0071AB4B /* ufo1loop.wav in Resources */ = {isa = PBXBuildFile; fileRef = 6523C0832316E54D0071AB4B /* ufo1loop.wav */; };
		6523C0862316FBAD0071AB4B /* alternate_heartbeat.wav in Resources */ = {isa = PBXBuildFile; fileRef = 6523C0852316FBAD0071AB4B /* alternate_heartbeat.wav */; };
		659CC03A230EC9FE00AA087C /* UFO.swift in Sources */ = {isa = PBXBuildFile; fileRef = 659CC039230EC9FE00AA087C /* UFO.swift */; };
		659CC040230EDA3500AA087C /* ufo_explosion.wav in Resources */ = {isa = PBXBuildFile; fileRef = 659CC03F230EDA3500AA087C /* ufo_explosion.wav */; };
		65A4CD6823173624006DEDB0 /* heartbeat_high.wav in Resources */ = {isa = PBXBuildFile; fileRef = 65A4CD6723173624006DEDB0 /* heartbeat_high.wav */; };
		65A4CD6A2317362D006DEDB0 /* heartbeat_low.wav in Resources */ = {isa = PBXBuildFile; fileRef = 65A4CD692317362D006DEDB0 /* heartbeat_low.wav */; };
		FD0C070822D8925E00F19A55 /* ship_green@2x.png in Resources */ = {isa = PBXBuildFile; fileRef = FD0C070022D8925E00F19A55 /* ship_green@2x.png */; };
		FD0C070922D8925E00F19A55 /* ship_blue@2x.png in Resources */ = {isa = PBXBuildFile; fileRef = FD0C070122D8925E00F19A55 /* ship_blue@2x.png */; };
		FD0C070A22D8925E00F19A55 /* starfield_violet@2x.png in Resources */ = {isa = PBXBuildFile; fileRef = FD0C070222D8925E00F19A55 /* starfield_violet@2x.png */; };
		FD0C070B22D8925E00F19A55 /* starfield_black@2x.png in Resources */ = {isa = PBXBuildFile; fileRef = FD0C070322D8925E00F19A55 /* starfield_black@2x.png */; };
		FD0C070C22D8925E00F19A55 /* starfield_blue@2x.png in Resources */ = {isa = PBXBuildFile; fileRef = FD0C070422D8925E00F19A55 /* starfield_blue@2x.png */; };
		FD0C070D22D8925E00F19A55 /* starfield_purple@2x.png in Resources */ = {isa = PBXBuildFile; fileRef = FD0C070522D8925E00F19A55 /* starfield_purple@2x.png */; };
		FD0C070E22D8925E00F19A55 /* ship_orange@2x.png in Resources */ = {isa = PBXBuildFile; fileRef = FD0C070622D8925E00F19A55 /* ship_orange@2x.png */; };
		FD0C070F22D8925E00F19A55 /* ship_red@2x.png in Resources */ = {isa = PBXBuildFile; fileRef = FD0C070722D8925E00F19A55 /* ship_red@2x.png */; };
		FD28DB5422DFFA87009446A2 /* meteorhuge2@2x.png in Resources */ = {isa = PBXBuildFile; fileRef = FD28DB4D22DFFA87009446A2 /* meteorhuge2@2x.png */; };
		FD28DB5522DFFA87009446A2 /* ufo_yellow@2x.png in Resources */ = {isa = PBXBuildFile; fileRef = FD28DB4E22DFFA87009446A2 /* ufo_yellow@2x.png */; };
		FD28DB5622DFFA87009446A2 /* meteorhuge3@2x.png in Resources */ = {isa = PBXBuildFile; fileRef = FD28DB4F22DFFA87009446A2 /* meteorhuge3@2x.png */; };
		FD28DB5722DFFA87009446A2 /* meteorhuge1@2x.png in Resources */ = {isa = PBXBuildFile; fileRef = FD28DB5022DFFA87009446A2 /* meteorhuge1@2x.png */; };
		FD28DB5822DFFA87009446A2 /* ufo_red@2x.png in Resources */ = {isa = PBXBuildFile; fileRef = FD28DB5122DFFA87009446A2 /* ufo_red@2x.png */; };
		FD28DB5922DFFA87009446A2 /* ufo_blue@2x.png in Resources */ = {isa = PBXBuildFile; fileRef = FD28DB5222DFFA87009446A2 /* ufo_blue@2x.png */; };
		FD28DB5A22DFFA87009446A2 /* ufo_green@2x.png in Resources */ = {isa = PBXBuildFile; fileRef = FD28DB5322DFFA87009446A2 /* ufo_green@2x.png */; };
		FD46BD72231415B7008C1F99 /* Playfield.swift in Sources */ = {isa = PBXBuildFile; fileRef = FD46BD71231415B7008C1F99 /* Playfield.swift */; };
		FD4D53C02306B47900718938 /* LivesDisplay.swift in Sources */ = {isa = PBXBuildFile; fileRef = FD4D53BF2306B47900718938 /* LivesDisplay.swift */; };
		FD4D53C22306B60F00718938 /* life_blue@2x.png in Resources */ = {isa = PBXBuildFile; fileRef = FD4D53C12306B60F00718938 /* life_blue@2x.png */; };
		FD4D53C523080D3600718938 /* player_explosion.wav in Resources */ = {isa = PBXBuildFile; fileRef = FD4D53C423080D3600718938 /* player_explosion.wav */; };
		FD4D53C723080E7300718938 /* Sounds.swift in Sources */ = {isa = PBXBuildFile; fileRef = FD4D53C623080E7300718938 /* Sounds.swift */; };
		FD4D53CB2308206D00718938 /* player_laser.wav in Resources */ = {isa = PBXBuildFile; fileRef = FD4D53CA2308206D00718938 /* player_laser.wav */; };
		FD4D53CF230843C900718938 /* meteorbig_hit.wav in Resources */ = {isa = PBXBuildFile; fileRef = FD4D53CC230843C800718938 /* meteorbig_hit.wav */; };
		FD4D53D0230843C900718938 /* meteormed_hit.wav in Resources */ = {isa = PBXBuildFile; fileRef = FD4D53CD230843C900718938 /* meteormed_hit.wav */; };
		FD4D53D1230843C900718938 /* meteorsmall_hit.wav in Resources */ = {isa = PBXBuildFile; fileRef = FD4D53CE230843C900718938 /* meteorsmall_hit.wav */; };
		FD4D53D523085AF800718938 /* player_engines.wav in Resources */ = {isa = PBXBuildFile; fileRef = FD4D53D423085AF800718938 /* player_engines.wav */; };
		FD53167122DAA8EA00F09E57 /* fire1@2x.png in Resources */ = {isa = PBXBuildFile; fileRef = FD53166E22DAA8EA00F09E57 /* fire1@2x.png */; };
		FD53167222DAA8EA00F09E57 /* fire3@2x.png in Resources */ = {isa = PBXBuildFile; fileRef = FD53166F22DAA8EA00F09E57 /* fire3@2x.png */; };
		FD53167322DAA8EA00F09E57 /* fire2@2x.png in Resources */ = {isa = PBXBuildFile; fileRef = FD53167022DAA8EA00F09E57 /* fire2@2x.png */; };
		FD53167522DB24EC00F09E57 /* Ship.swift in Sources */ = {isa = PBXBuildFile; fileRef = FD53167422DB24EC00F09E57 /* Ship.swift */; };
		FD53167E22DB445100F09E57 /* meteorsmall2@2x.png in Resources */ = {isa = PBXBuildFile; fileRef = FD53167622DB445100F09E57 /* meteorsmall2@2x.png */; };
		FD53167F22DB445100F09E57 /* meteorbig1@2x.png in Resources */ = {isa = PBXBuildFile; fileRef = FD53167722DB445100F09E57 /* meteorbig1@2x.png */; };
		FD53168022DB445100F09E57 /* meteormed1@2x.png in Resources */ = {isa = PBXBuildFile; fileRef = FD53167822DB445100F09E57 /* meteormed1@2x.png */; };
		FD53168122DB445100F09E57 /* meteormed2@2x.png in Resources */ = {isa = PBXBuildFile; fileRef = FD53167922DB445100F09E57 /* meteormed2@2x.png */; };
		FD53168222DB445100F09E57 /* meteorsmall1@2x.png in Resources */ = {isa = PBXBuildFile; fileRef = FD53167A22DB445100F09E57 /* meteorsmall1@2x.png */; };
		FD53168322DB445100F09E57 /* meteorbig4@2x.png in Resources */ = {isa = PBXBuildFile; fileRef = FD53167B22DB445100F09E57 /* meteorbig4@2x.png */; };
		FD53168422DB445100F09E57 /* meteorbig3@2x.png in Resources */ = {isa = PBXBuildFile; fileRef = FD53167C22DB445100F09E57 /* meteorbig3@2x.png */; };
		FD53168522DB445100F09E57 /* meteorbig2@2x.png in Resources */ = {isa = PBXBuildFile; fileRef = FD53167D22DB445100F09E57 /* meteorbig2@2x.png */; };
		FD53168E22DC1A0600F09E57 /* laserbig_green@2x.png in Resources */ = {isa = PBXBuildFile; fileRef = FD53168822DC1A0500F09E57 /* laserbig_green@2x.png */; };
		FD53168F22DC1A0600F09E57 /* laserbig_red@2x.png in Resources */ = {isa = PBXBuildFile; fileRef = FD53168922DC1A0500F09E57 /* laserbig_red@2x.png */; };
		FD53169022DC1A0600F09E57 /* laserbig_blue@2x.png in Resources */ = {isa = PBXBuildFile; fileRef = FD53168A22DC1A0500F09E57 /* laserbig_blue@2x.png */; };
		FD53169122DC1A0600F09E57 /* lasersmall_blue@2x.png in Resources */ = {isa = PBXBuildFile; fileRef = FD53168B22DC1A0500F09E57 /* lasersmall_blue@2x.png */; };
		FD53169222DC1A0600F09E57 /* lasersmall_green@2x.png in Resources */ = {isa = PBXBuildFile; fileRef = FD53168C22DC1A0500F09E57 /* lasersmall_green@2x.png */; };
		FD53169322DC1A0600F09E57 /* lasersmall_red@2x.png in Resources */ = {isa = PBXBuildFile; fileRef = FD53168D22DC1A0500F09E57 /* lasersmall_red@2x.png */; };
		FD79323622D20FE600E7D336 /* AppDelegate.swift in Sources */ = {isa = PBXBuildFile; fileRef = FD79323522D20FE600E7D336 /* AppDelegate.swift */; };
		FD79323822D20FE600E7D336 /* GameScene.sks in Resources */ = {isa = PBXBuildFile; fileRef = FD79323722D20FE600E7D336 /* GameScene.sks */; };
		FD79323C22D20FE600E7D336 /* GameScene.swift in Sources */ = {isa = PBXBuildFile; fileRef = FD79323B22D20FE600E7D336 /* GameScene.swift */; };
		FD79323E22D20FE600E7D336 /* GameViewController.swift in Sources */ = {isa = PBXBuildFile; fileRef = FD79323D22D20FE600E7D336 /* GameViewController.swift */; };
		FD79324122D20FE600E7D336 /* Main.storyboard in Resources */ = {isa = PBXBuildFile; fileRef = FD79323F22D20FE600E7D336 /* Main.storyboard */; };
		FD79324322D20FE700E7D336 /* Assets.xcassets in Resources */ = {isa = PBXBuildFile; fileRef = FD79324222D20FE700E7D336 /* Assets.xcassets */; };
		FD79324622D20FE700E7D336 /* LaunchScreen.storyboard in Resources */ = {isa = PBXBuildFile; fileRef = FD79324422D20FE700E7D336 /* LaunchScreen.storyboard */; };
		FDA43B1E2308A1A600A29347 /* extra_life.wav in Resources */ = {isa = PBXBuildFile; fileRef = FDA43B1D2308A1A600A29347 /* extra_life.wav */; };
		FDA43B202308AB9600A29347 /* heartbeat.wav in Resources */ = {isa = PBXBuildFile; fileRef = FDA43B1F2308AB9600A29347 /* heartbeat.wav */; };
		FDA43B222308C11E00A29347 /* gameover.wav in Resources */ = {isa = PBXBuildFile; fileRef = FDA43B212308C11E00A29347 /* gameover.wav */; };
		FDA43B24230A111D00A29347 /* meteorhuge_hit.wav in Resources */ = {isa = PBXBuildFile; fileRef = FDA43B23230A111D00A29347 /* meteorhuge_hit.wav */; };
		FDA43B26230C01C300A29347 /* warpedship_blue@2x.png in Resources */ = {isa = PBXBuildFile; fileRef = FDA43B25230C01C300A29347 /* warpedship_blue@2x.png */; };
		FDA43B28230C1DC600A29347 /* warpout.wav in Resources */ = {isa = PBXBuildFile; fileRef = FDA43B27230C1DC600A29347 /* warpout.wav */; };
		FDA43B2A230C2A1D00A29347 /* warpin.wav in Resources */ = {isa = PBXBuildFile; fileRef = FDA43B29230C2A1D00A29347 /* warpin.wav */; };
		FDCF8CA322DA175F008EDFD1 /* CGHelpers.swift in Sources */ = {isa = PBXBuildFile; fileRef = FDCF8CA222DA175F008EDFD1 /* CGHelpers.swift */; };
		FDCF8CA522DA7296008EDFD1 /* Globals.swift in Sources */ = {isa = PBXBuildFile; fileRef = FDCF8CA422DA7296008EDFD1 /* Globals.swift */; };
		FDD831F222EDB50200CA4EC6 /* Explosions.swift in Sources */ = {isa = PBXBuildFile; fileRef = FDD831F122EDB50200CA4EC6 /* Explosions.swift */; };
		FDD831F422EE27C700CA4EC6 /* kenvector_future.ttf in Resources */ = {isa = PBXBuildFile; fileRef = FDD831F322EE27C700CA4EC6 /* kenvector_future.ttf */; };
		FDD831F622F187D200CA4EC6 /* GameConfig.swift in Sources */ = {isa = PBXBuildFile; fileRef = FDD831F522F187D200CA4EC6 /* GameConfig.swift */; };
		FDD831F922F1AE0D00CA4EC6 /* confignormal.json in Resources */ = {isa = PBXBuildFile; fileRef = FDD831F822F1AE0D00CA4EC6 /* confignormal.json */; };
		FDDF488722D2A700006FB86F /* SpriteCache.swift in Sources */ = {isa = PBXBuildFile; fileRef = FDDF488622D2A700006FB86F /* SpriteCache.swift */; };
		FDE04B2722D5FEA30011A529 /* star1@2x.png in Resources */ = {isa = PBXBuildFile; fileRef = FDE04B2422D5FEA30011A529 /* star1@2x.png */; };
		FDE04B2822D5FEA30011A529 /* star3@2x.png in Resources */ = {isa = PBXBuildFile; fileRef = FDE04B2522D5FEA30011A529 /* star3@2x.png */; };
		FDE04B2922D5FEA30011A529 /* star2@2x.png in Resources */ = {isa = PBXBuildFile; fileRef = FDE04B2622D5FEA30011A529 /* star2@2x.png */; };
		FDE04B2B22D745470011A529 /* Joystick.swift in Sources */ = {isa = PBXBuildFile; fileRef = FDE04B2A22D745470011A529 /* Joystick.swift */; };
		FDE04B2D22D753240011A529 /* TextureCache.swift in Sources */ = {isa = PBXBuildFile; fileRef = FDE04B2C22D753240011A529 /* TextureCache.swift */; };
/* End PBXBuildFile section */

/* Begin PBXFileReference section */
		6513D66B22DC0B4E00B4BD57 /* Button.swift */ = {isa = PBXFileReference; lastKnownFileType = sourcecode.swift; path = Button.swift; sourceTree = "<group>"; };
		6523C0812316E5400071AB4B /* ufo2loop.wav */ = {isa = PBXFileReference; lastKnownFileType = audio.wav; path = ufo2loop.wav; sourceTree = "<group>"; };
		6523C0832316E54D0071AB4B /* ufo1loop.wav */ = {isa = PBXFileReference; lastKnownFileType = audio.wav; path = ufo1loop.wav; sourceTree = "<group>"; };
		6523C0852316FBAD0071AB4B /* alternate_heartbeat.wav */ = {isa = PBXFileReference; lastKnownFileType = audio.wav; path = alternate_heartbeat.wav; sourceTree = "<group>"; };
		659CC039230EC9FE00AA087C /* UFO.swift */ = {isa = PBXFileReference; lastKnownFileType = sourcecode.swift; path = UFO.swift; sourceTree = "<group>"; };
		659CC03F230EDA3500AA087C /* ufo_explosion.wav */ = {isa = PBXFileReference; lastKnownFileType = audio.wav; path = ufo_explosion.wav; sourceTree = "<group>"; };
		65A4CD6723173624006DEDB0 /* heartbeat_high.wav */ = {isa = PBXFileReference; lastKnownFileType = audio.wav; path = heartbeat_high.wav; sourceTree = "<group>"; };
		65A4CD692317362D006DEDB0 /* heartbeat_low.wav */ = {isa = PBXFileReference; lastKnownFileType = audio.wav; path = heartbeat_low.wav; sourceTree = "<group>"; };
		FD0C070022D8925E00F19A55 /* ship_green@2x.png */ = {isa = PBXFileReference; lastKnownFileType = image.png; path = "ship_green@2x.png"; sourceTree = "<group>"; };
		FD0C070122D8925E00F19A55 /* ship_blue@2x.png */ = {isa = PBXFileReference; lastKnownFileType = image.png; path = "ship_blue@2x.png"; sourceTree = "<group>"; };
		FD0C070222D8925E00F19A55 /* starfield_violet@2x.png */ = {isa = PBXFileReference; lastKnownFileType = image.png; path = "starfield_violet@2x.png"; sourceTree = "<group>"; };
		FD0C070322D8925E00F19A55 /* starfield_black@2x.png */ = {isa = PBXFileReference; lastKnownFileType = image.png; path = "starfield_black@2x.png"; sourceTree = "<group>"; };
		FD0C070422D8925E00F19A55 /* starfield_blue@2x.png */ = {isa = PBXFileReference; lastKnownFileType = image.png; path = "starfield_blue@2x.png"; sourceTree = "<group>"; };
		FD0C070522D8925E00F19A55 /* starfield_purple@2x.png */ = {isa = PBXFileReference; lastKnownFileType = image.png; path = "starfield_purple@2x.png"; sourceTree = "<group>"; };
		FD0C070622D8925E00F19A55 /* ship_orange@2x.png */ = {isa = PBXFileReference; lastKnownFileType = image.png; path = "ship_orange@2x.png"; sourceTree = "<group>"; };
		FD0C070722D8925E00F19A55 /* ship_red@2x.png */ = {isa = PBXFileReference; lastKnownFileType = image.png; path = "ship_red@2x.png"; sourceTree = "<group>"; };
		FD28DB4D22DFFA87009446A2 /* meteorhuge2@2x.png */ = {isa = PBXFileReference; lastKnownFileType = image.png; path = "meteorhuge2@2x.png"; sourceTree = "<group>"; };
		FD28DB4E22DFFA87009446A2 /* ufo_yellow@2x.png */ = {isa = PBXFileReference; lastKnownFileType = image.png; path = "ufo_yellow@2x.png"; sourceTree = "<group>"; };
		FD28DB4F22DFFA87009446A2 /* meteorhuge3@2x.png */ = {isa = PBXFileReference; lastKnownFileType = image.png; path = "meteorhuge3@2x.png"; sourceTree = "<group>"; };
		FD28DB5022DFFA87009446A2 /* meteorhuge1@2x.png */ = {isa = PBXFileReference; lastKnownFileType = image.png; path = "meteorhuge1@2x.png"; sourceTree = "<group>"; };
		FD28DB5122DFFA87009446A2 /* ufo_red@2x.png */ = {isa = PBXFileReference; lastKnownFileType = image.png; path = "ufo_red@2x.png"; sourceTree = "<group>"; };
		FD28DB5222DFFA87009446A2 /* ufo_blue@2x.png */ = {isa = PBXFileReference; lastKnownFileType = image.png; path = "ufo_blue@2x.png"; sourceTree = "<group>"; };
		FD28DB5322DFFA87009446A2 /* ufo_green@2x.png */ = {isa = PBXFileReference; lastKnownFileType = image.png; path = "ufo_green@2x.png"; sourceTree = "<group>"; };
		FD3AF4E92317D0570059392A /* asteroids-spotlight-40x40@3x.png */ = {isa = PBXFileReference; lastKnownFileType = image.png; path = "asteroids-spotlight-40x40@3x.png"; sourceTree = "<group>"; };
		FD3AF4EA2317D0570059392A /* asteroids-notification-20x20@2x.png */ = {isa = PBXFileReference; lastKnownFileType = image.png; path = "asteroids-notification-20x20@2x.png"; sourceTree = "<group>"; };
		FD3AF4EB2317D0570059392A /* asteroids-spotlight-40x40@2x.png */ = {isa = PBXFileReference; lastKnownFileType = image.png; path = "asteroids-spotlight-40x40@2x.png"; sourceTree = "<group>"; };
		FD3AF4EC2317D0570059392A /* asteroids-notification-20x20@3x.png */ = {isa = PBXFileReference; lastKnownFileType = image.png; path = "asteroids-notification-20x20@3x.png"; sourceTree = "<group>"; };
		FD3AF4ED2317D0570059392A /* asteroids-settings-29x29@2x.png */ = {isa = PBXFileReference; lastKnownFileType = image.png; path = "asteroids-settings-29x29@2x.png"; sourceTree = "<group>"; };
		FD3AF4EE2317D0570059392A /* asteroids-app-store-1024x1024.png */ = {isa = PBXFileReference; lastKnownFileType = image.png; path = "asteroids-app-store-1024x1024.png"; sourceTree = "<group>"; };
		FD3AF4EF2317D0570059392A /* asteroids-ipad-pro-83.5x83.5@2x.png */ = {isa = PBXFileReference; lastKnownFileType = image.png; path = "asteroids-ipad-pro-83.5x83.5@2x.png"; sourceTree = "<group>"; };
		FD3AF4F02317D0570059392A /* asteroids-settings-29x29@3x.png */ = {isa = PBXFileReference; lastKnownFileType = image.png; path = "asteroids-settings-29x29@3x.png"; sourceTree = "<group>"; };
		FD3AF4F12317D0570059392A /* asteroids-ipad-76x76@2x.png */ = {isa = PBXFileReference; lastKnownFileType = image.png; path = "asteroids-ipad-76x76@2x.png"; sourceTree = "<group>"; };
		FD3AF4F22317D0570059392A /* asteroids-iphone-60x60@2x.png */ = {isa = PBXFileReference; lastKnownFileType = image.png; path = "asteroids-iphone-60x60@2x.png"; sourceTree = "<group>"; };
		FD3AF4F32317D0570059392A /* asteroids-iphone-60x60@3x.png */ = {isa = PBXFileReference; lastKnownFileType = image.png; path = "asteroids-iphone-60x60@3x.png"; sourceTree = "<group>"; };
		FD46BD71231415B7008C1F99 /* Playfield.swift */ = {isa = PBXFileReference; lastKnownFileType = sourcecode.swift; path = Playfield.swift; sourceTree = "<group>"; };
		FD4D53BF2306B47900718938 /* LivesDisplay.swift */ = {isa = PBXFileReference; lastKnownFileType = sourcecode.swift; path = LivesDisplay.swift; sourceTree = "<group>"; };
		FD4D53C12306B60F00718938 /* life_blue@2x.png */ = {isa = PBXFileReference; lastKnownFileType = image.png; path = "life_blue@2x.png"; sourceTree = "<group>"; };
		FD4D53C423080D3600718938 /* player_explosion.wav */ = {isa = PBXFileReference; lastKnownFileType = audio.wav; path = player_explosion.wav; sourceTree = "<group>"; };
		FD4D53C623080E7300718938 /* Sounds.swift */ = {isa = PBXFileReference; lastKnownFileType = sourcecode.swift; path = Sounds.swift; sourceTree = "<group>"; };
		FD4D53CA2308206D00718938 /* player_laser.wav */ = {isa = PBXFileReference; lastKnownFileType = audio.wav; path = player_laser.wav; sourceTree = "<group>"; };
		FD4D53CC230843C800718938 /* meteorbig_hit.wav */ = {isa = PBXFileReference; lastKnownFileType = audio.wav; path = meteorbig_hit.wav; sourceTree = "<group>"; };
		FD4D53CD230843C900718938 /* meteormed_hit.wav */ = {isa = PBXFileReference; lastKnownFileType = audio.wav; path = meteormed_hit.wav; sourceTree = "<group>"; };
		FD4D53CE230843C900718938 /* meteorsmall_hit.wav */ = {isa = PBXFileReference; lastKnownFileType = audio.wav; path = meteorsmall_hit.wav; sourceTree = "<group>"; };
		FD4D53D423085AF800718938 /* player_engines.wav */ = {isa = PBXFileReference; lastKnownFileType = audio.wav; path = player_engines.wav; sourceTree = "<group>"; };
		FD53166E22DAA8EA00F09E57 /* fire1@2x.png */ = {isa = PBXFileReference; lastKnownFileType = image.png; path = "fire1@2x.png"; sourceTree = "<group>"; };
		FD53166F22DAA8EA00F09E57 /* fire3@2x.png */ = {isa = PBXFileReference; lastKnownFileType = image.png; path = "fire3@2x.png"; sourceTree = "<group>"; };
		FD53167022DAA8EA00F09E57 /* fire2@2x.png */ = {isa = PBXFileReference; lastKnownFileType = image.png; path = "fire2@2x.png"; sourceTree = "<group>"; };
		FD53167422DB24EC00F09E57 /* Ship.swift */ = {isa = PBXFileReference; lastKnownFileType = sourcecode.swift; path = Ship.swift; sourceTree = "<group>"; };
		FD53167622DB445100F09E57 /* meteorsmall2@2x.png */ = {isa = PBXFileReference; lastKnownFileType = image.png; path = "meteorsmall2@2x.png"; sourceTree = "<group>"; };
		FD53167722DB445100F09E57 /* meteorbig1@2x.png */ = {isa = PBXFileReference; lastKnownFileType = image.png; path = "meteorbig1@2x.png"; sourceTree = "<group>"; };
		FD53167822DB445100F09E57 /* meteormed1@2x.png */ = {isa = PBXFileReference; lastKnownFileType = image.png; path = "meteormed1@2x.png"; sourceTree = "<group>"; };
		FD53167922DB445100F09E57 /* meteormed2@2x.png */ = {isa = PBXFileReference; lastKnownFileType = image.png; path = "meteormed2@2x.png"; sourceTree = "<group>"; };
		FD53167A22DB445100F09E57 /* meteorsmall1@2x.png */ = {isa = PBXFileReference; lastKnownFileType = image.png; path = "meteorsmall1@2x.png"; sourceTree = "<group>"; };
		FD53167B22DB445100F09E57 /* meteorbig4@2x.png */ = {isa = PBXFileReference; lastKnownFileType = image.png; path = "meteorbig4@2x.png"; sourceTree = "<group>"; };
		FD53167C22DB445100F09E57 /* meteorbig3@2x.png */ = {isa = PBXFileReference; lastKnownFileType = image.png; path = "meteorbig3@2x.png"; sourceTree = "<group>"; };
		FD53167D22DB445100F09E57 /* meteorbig2@2x.png */ = {isa = PBXFileReference; lastKnownFileType = image.png; path = "meteorbig2@2x.png"; sourceTree = "<group>"; };
		FD53168822DC1A0500F09E57 /* laserbig_green@2x.png */ = {isa = PBXFileReference; lastKnownFileType = image.png; path = "laserbig_green@2x.png"; sourceTree = "<group>"; };
		FD53168922DC1A0500F09E57 /* laserbig_red@2x.png */ = {isa = PBXFileReference; lastKnownFileType = image.png; path = "laserbig_red@2x.png"; sourceTree = "<group>"; };
		FD53168A22DC1A0500F09E57 /* laserbig_blue@2x.png */ = {isa = PBXFileReference; lastKnownFileType = image.png; path = "laserbig_blue@2x.png"; sourceTree = "<group>"; };
		FD53168B22DC1A0500F09E57 /* lasersmall_blue@2x.png */ = {isa = PBXFileReference; lastKnownFileType = image.png; path = "lasersmall_blue@2x.png"; sourceTree = "<group>"; };
		FD53168C22DC1A0500F09E57 /* lasersmall_green@2x.png */ = {isa = PBXFileReference; lastKnownFileType = image.png; path = "lasersmall_green@2x.png"; sourceTree = "<group>"; };
		FD53168D22DC1A0500F09E57 /* lasersmall_red@2x.png */ = {isa = PBXFileReference; lastKnownFileType = image.png; path = "lasersmall_red@2x.png"; sourceTree = "<group>"; };
		FD79323222D20FE600E7D336 /* Asteroids.app */ = {isa = PBXFileReference; explicitFileType = wrapper.application; includeInIndex = 0; path = Asteroids.app; sourceTree = BUILT_PRODUCTS_DIR; };
		FD79323522D20FE600E7D336 /* AppDelegate.swift */ = {isa = PBXFileReference; lastKnownFileType = sourcecode.swift; path = AppDelegate.swift; sourceTree = "<group>"; };
		FD79323722D20FE600E7D336 /* GameScene.sks */ = {isa = PBXFileReference; lastKnownFileType = file.sks; path = GameScene.sks; sourceTree = "<group>"; };
		FD79323B22D20FE600E7D336 /* GameScene.swift */ = {isa = PBXFileReference; lastKnownFileType = sourcecode.swift; path = GameScene.swift; sourceTree = "<group>"; };
		FD79323D22D20FE600E7D336 /* GameViewController.swift */ = {isa = PBXFileReference; lastKnownFileType = sourcecode.swift; path = GameViewController.swift; sourceTree = "<group>"; };
		FD79324022D20FE600E7D336 /* Base */ = {isa = PBXFileReference; lastKnownFileType = file.storyboard; name = Base; path = Base.lproj/Main.storyboard; sourceTree = "<group>"; };
		FD79324222D20FE700E7D336 /* Assets.xcassets */ = {isa = PBXFileReference; lastKnownFileType = folder.assetcatalog; path = Assets.xcassets; sourceTree = "<group>"; };
		FD79324522D20FE700E7D336 /* Base */ = {isa = PBXFileReference; lastKnownFileType = file.storyboard; name = Base; path = Base.lproj/LaunchScreen.storyboard; sourceTree = "<group>"; };
		FD79324722D20FE700E7D336 /* Info.plist */ = {isa = PBXFileReference; lastKnownFileType = text.plist.xml; path = Info.plist; sourceTree = "<group>"; };
		FDA43B1D2308A1A600A29347 /* extra_life.wav */ = {isa = PBXFileReference; lastKnownFileType = audio.wav; path = extra_life.wav; sourceTree = "<group>"; };
		FDA43B1F2308AB9600A29347 /* heartbeat.wav */ = {isa = PBXFileReference; lastKnownFileType = audio.wav; path = heartbeat.wav; sourceTree = "<group>"; };
		FDA43B212308C11E00A29347 /* gameover.wav */ = {isa = PBXFileReference; lastKnownFileType = audio.wav; path = gameover.wav; sourceTree = "<group>"; };
		FDA43B23230A111D00A29347 /* meteorhuge_hit.wav */ = {isa = PBXFileReference; lastKnownFileType = audio.wav; path = meteorhuge_hit.wav; sourceTree = "<group>"; };
		FDA43B25230C01C300A29347 /* warpedship_blue@2x.png */ = {isa = PBXFileReference; lastKnownFileType = image.png; path = "warpedship_blue@2x.png"; sourceTree = "<group>"; };
		FDA43B27230C1DC600A29347 /* warpout.wav */ = {isa = PBXFileReference; lastKnownFileType = audio.wav; path = warpout.wav; sourceTree = "<group>"; };
		FDA43B29230C2A1D00A29347 /* warpin.wav */ = {isa = PBXFileReference; lastKnownFileType = audio.wav; path = warpin.wav; sourceTree = "<group>"; };
		FDCF8CA222DA175F008EDFD1 /* CGHelpers.swift */ = {isa = PBXFileReference; lastKnownFileType = sourcecode.swift; path = CGHelpers.swift; sourceTree = "<group>"; };
		FDCF8CA422DA7296008EDFD1 /* Globals.swift */ = {isa = PBXFileReference; lastKnownFileType = sourcecode.swift; path = Globals.swift; sourceTree = "<group>"; };
		FDD831F122EDB50200CA4EC6 /* Explosions.swift */ = {isa = PBXFileReference; lastKnownFileType = sourcecode.swift; path = Explosions.swift; sourceTree = "<group>"; };
		FDD831F322EE27C700CA4EC6 /* kenvector_future.ttf */ = {isa = PBXFileReference; lastKnownFileType = file; path = kenvector_future.ttf; sourceTree = "<group>"; };
		FDD831F522F187D200CA4EC6 /* GameConfig.swift */ = {isa = PBXFileReference; lastKnownFileType = sourcecode.swift; path = GameConfig.swift; sourceTree = "<group>"; };
		FDD831F822F1AE0D00CA4EC6 /* confignormal.json */ = {isa = PBXFileReference; lastKnownFileType = text.json; path = confignormal.json; sourceTree = "<group>"; };
		FDDF488622D2A700006FB86F /* SpriteCache.swift */ = {isa = PBXFileReference; lastKnownFileType = sourcecode.swift; path = SpriteCache.swift; sourceTree = "<group>"; };
		FDE04B2422D5FEA30011A529 /* star1@2x.png */ = {isa = PBXFileReference; lastKnownFileType = image.png; path = "star1@2x.png"; sourceTree = "<group>"; };
		FDE04B2522D5FEA30011A529 /* star3@2x.png */ = {isa = PBXFileReference; lastKnownFileType = image.png; path = "star3@2x.png"; sourceTree = "<group>"; };
		FDE04B2622D5FEA30011A529 /* star2@2x.png */ = {isa = PBXFileReference; lastKnownFileType = image.png; path = "star2@2x.png"; sourceTree = "<group>"; };
		FDE04B2A22D745470011A529 /* Joystick.swift */ = {isa = PBXFileReference; lastKnownFileType = sourcecode.swift; path = Joystick.swift; sourceTree = "<group>"; };
		FDE04B2C22D753240011A529 /* TextureCache.swift */ = {isa = PBXFileReference; lastKnownFileType = sourcecode.swift; path = TextureCache.swift; sourceTree = "<group>"; };
/* End PBXFileReference section */

/* Begin PBXFrameworksBuildPhase section */
		FD79322F22D20FE600E7D336 /* Frameworks */ = {
			isa = PBXFrameworksBuildPhase;
			buildActionMask = 2147483647;
			files = (
			);
			runOnlyForDeploymentPostprocessing = 0;
		};
/* End PBXFrameworksBuildPhase section */

/* Begin PBXGroup section */
		FD3AF4E82317D0570059392A /* appicons */ = {
			isa = PBXGroup;
			children = (
				FD3AF4E92317D0570059392A /* asteroids-spotlight-40x40@3x.png */,
				FD3AF4EA2317D0570059392A /* asteroids-notification-20x20@2x.png */,
				FD3AF4EB2317D0570059392A /* asteroids-spotlight-40x40@2x.png */,
				FD3AF4EC2317D0570059392A /* asteroids-notification-20x20@3x.png */,
				FD3AF4ED2317D0570059392A /* asteroids-settings-29x29@2x.png */,
				FD3AF4EE2317D0570059392A /* asteroids-app-store-1024x1024.png */,
				FD3AF4EF2317D0570059392A /* asteroids-ipad-pro-83.5x83.5@2x.png */,
				FD3AF4F02317D0570059392A /* asteroids-settings-29x29@3x.png */,
				FD3AF4F12317D0570059392A /* asteroids-ipad-76x76@2x.png */,
				FD3AF4F22317D0570059392A /* asteroids-iphone-60x60@2x.png */,
				FD3AF4F32317D0570059392A /* asteroids-iphone-60x60@3x.png */,
			);
			path = appicons;
			sourceTree = "<group>";
		};
		FD4D53C323080BFD00718938 /* sounds */ = {
			isa = PBXGroup;
			children = (
				65A4CD692317362D006DEDB0 /* heartbeat_low.wav */,
				65A4CD6723173624006DEDB0 /* heartbeat_high.wav */,
				6523C0852316FBAD0071AB4B /* alternate_heartbeat.wav */,
				6523C0832316E54D0071AB4B /* ufo1loop.wav */,
				6523C0812316E5400071AB4B /* ufo2loop.wav */,
				659CC03F230EDA3500AA087C /* ufo_explosion.wav */,
				FDA43B212308C11E00A29347 /* gameover.wav */,
				FDA43B1F2308AB9600A29347 /* heartbeat.wav */,
				FDA43B23230A111D00A29347 /* meteorhuge_hit.wav */,
				FD4D53CC230843C800718938 /* meteorbig_hit.wav */,
				FD4D53CD230843C900718938 /* meteormed_hit.wav */,
				FD4D53CE230843C900718938 /* meteorsmall_hit.wav */,
				FD4D53CA2308206D00718938 /* player_laser.wav */,
				FD4D53D423085AF800718938 /* player_engines.wav */,
				FD4D53C423080D3600718938 /* player_explosion.wav */,
				FDA43B29230C2A1D00A29347 /* warpin.wav */,
				FDA43B27230C1DC600A29347 /* warpout.wav */,
				FDA43B1D2308A1A600A29347 /* extra_life.wav */,
			);
			path = sounds;
			sourceTree = "<group>";
		};
		FD79322922D20FE600E7D336 = {
			isa = PBXGroup;
			children = (
				FD79325022D21AA000E7D336 /* Asset creation */,
				FD79323422D20FE600E7D336 /* Asteroids */,
				FD79323322D20FE600E7D336 /* Products */,
			);
			sourceTree = "<group>";
		};
		FD79323322D20FE600E7D336 /* Products */ = {
			isa = PBXGroup;
			children = (
				FD79323222D20FE600E7D336 /* Asteroids.app */,
			);
			name = Products;
			sourceTree = "<group>";
		};
		FD79323422D20FE600E7D336 /* Asteroids */ = {
			isa = PBXGroup;
			children = (
				FD79323522D20FE600E7D336 /* AppDelegate.swift */,
				FD79323722D20FE600E7D336 /* GameScene.sks */,
				FD79323B22D20FE600E7D336 /* GameScene.swift */,
				FD46BD71231415B7008C1F99 /* Playfield.swift */,
				659CC039230EC9FE00AA087C /* UFO.swift */,
				FD4D53BF2306B47900718938 /* LivesDisplay.swift */,
				FDD831F522F187D200CA4EC6 /* GameConfig.swift */,
				FDD831F122EDB50200CA4EC6 /* Explosions.swift */,
				FD53167422DB24EC00F09E57 /* Ship.swift */,
				FDCF8CA222DA175F008EDFD1 /* CGHelpers.swift */,
				FD4D53C623080E7300718938 /* Sounds.swift */,
				FDE04B2A22D745470011A529 /* Joystick.swift */,
				6513D66B22DC0B4E00B4BD57 /* Button.swift */,
				FDDF488622D2A700006FB86F /* SpriteCache.swift */,
				FDE04B2C22D753240011A529 /* TextureCache.swift */,
				FDD831F322EE27C700CA4EC6 /* kenvector_future.ttf */,
				FDCF8CA422DA7296008EDFD1 /* Globals.swift */,
				FD79323D22D20FE600E7D336 /* GameViewController.swift */,
				FD79323F22D20FE600E7D336 /* Main.storyboard */,
				FD79324222D20FE700E7D336 /* Assets.xcassets */,
				FD79324422D20FE700E7D336 /* LaunchScreen.storyboard */,
				FDD831F722F1ADD100CA4EC6 /* configs */,
				FD4D53C323080BFD00718938 /* sounds */,
				FD79324722D20FE700E7D336 /* Info.plist */,
			);
			path = Asteroids;
			sourceTree = "<group>";
		};
		FD79325022D21AA000E7D336 /* Asset creation */ = {
			isa = PBXGroup;
			children = (
				FD3AF4E82317D0570059392A /* appicons */,
				FD28DB5022DFFA87009446A2 /* meteorhuge1@2x.png */,
				FD28DB4D22DFFA87009446A2 /* meteorhuge2@2x.png */,
				FD28DB4F22DFFA87009446A2 /* meteorhuge3@2x.png */,
				FD28DB5222DFFA87009446A2 /* ufo_blue@2x.png */,
				FD28DB5322DFFA87009446A2 /* ufo_green@2x.png */,
				FD28DB5122DFFA87009446A2 /* ufo_red@2x.png */,
				FD4D53C12306B60F00718938 /* life_blue@2x.png */,
				FD28DB4E22DFFA87009446A2 /* ufo_yellow@2x.png */,
				FD53167722DB445100F09E57 /* meteorbig1@2x.png */,
				FD53167D22DB445100F09E57 /* meteorbig2@2x.png */,
				FD53167C22DB445100F09E57 /* meteorbig3@2x.png */,
				FD53167B22DB445100F09E57 /* meteorbig4@2x.png */,
				FD53167822DB445100F09E57 /* meteormed1@2x.png */,
				FD53167922DB445100F09E57 /* meteormed2@2x.png */,
				FD53168A22DC1A0500F09E57 /* laserbig_blue@2x.png */,
				FD53168822DC1A0500F09E57 /* laserbig_green@2x.png */,
				FD53168922DC1A0500F09E57 /* laserbig_red@2x.png */,
				FD53168B22DC1A0500F09E57 /* lasersmall_blue@2x.png */,
				FD53168C22DC1A0500F09E57 /* lasersmall_green@2x.png */,
				FD53168D22DC1A0500F09E57 /* lasersmall_red@2x.png */,
				FD53167A22DB445100F09E57 /* meteorsmall1@2x.png */,
				FD53167622DB445100F09E57 /* meteorsmall2@2x.png */,
				FD53166E22DAA8EA00F09E57 /* fire1@2x.png */,
				FD53167022DAA8EA00F09E57 /* fire2@2x.png */,
				FD53166F22DAA8EA00F09E57 /* fire3@2x.png */,
				FDE04B2422D5FEA30011A529 /* star1@2x.png */,
				FDE04B2622D5FEA30011A529 /* star2@2x.png */,
				FD0C070122D8925E00F19A55 /* ship_blue@2x.png */,
				FD0C070022D8925E00F19A55 /* ship_green@2x.png */,
				FD0C070622D8925E00F19A55 /* ship_orange@2x.png */,
				FD0C070722D8925E00F19A55 /* ship_red@2x.png */,
				FD0C070322D8925E00F19A55 /* starfield_black@2x.png */,
				FD0C070422D8925E00F19A55 /* starfield_blue@2x.png */,
				FD0C070522D8925E00F19A55 /* starfield_purple@2x.png */,
				FD0C070222D8925E00F19A55 /* starfield_violet@2x.png */,
				FDE04B2522D5FEA30011A529 /* star3@2x.png */,
				FDA43B25230C01C300A29347 /* warpedship_blue@2x.png */,
			);
			path = "Asset creation";
			sourceTree = "<group>";
		};
		FDD831F722F1ADD100CA4EC6 /* configs */ = {
			isa = PBXGroup;
			children = (
				FDD831F822F1AE0D00CA4EC6 /* confignormal.json */,
			);
			path = configs;
			sourceTree = "<group>";
		};
/* End PBXGroup section */

/* Begin PBXNativeTarget section */
		FD79323122D20FE600E7D336 /* Asteroids */ = {
			isa = PBXNativeTarget;
			buildConfigurationList = FD79324A22D20FE700E7D336 /* Build configuration list for PBXNativeTarget "Asteroids" */;
			buildPhases = (
				FD79322E22D20FE600E7D336 /* Sources */,
				FD79322F22D20FE600E7D336 /* Frameworks */,
				FD79323022D20FE600E7D336 /* Resources */,
			);
			buildRules = (
			);
			dependencies = (
			);
			name = Asteroids;
			productName = Asteroids;
			productReference = FD79323222D20FE600E7D336 /* Asteroids.app */;
			productType = "com.apple.product-type.application";
		};
/* End PBXNativeTarget section */

/* Begin PBXProject section */
		FD79322A22D20FE600E7D336 /* Project object */ = {
			isa = PBXProject;
			attributes = {
				LastSwiftUpdateCheck = 1020;
				LastUpgradeCheck = 1020;
				ORGANIZATIONNAME = "David Long";
				TargetAttributes = {
					FD79323122D20FE600E7D336 = {
						CreatedOnToolsVersion = 10.2.1;
					};
				};
			};
			buildConfigurationList = FD79322D22D20FE600E7D336 /* Build configuration list for PBXProject "Asteroids" */;
			compatibilityVersion = "Xcode 9.3";
			developmentRegion = en;
			hasScannedForEncodings = 0;
			knownRegions = (
				en,
				Base,
			);
			mainGroup = FD79322922D20FE600E7D336;
			productRefGroup = FD79323322D20FE600E7D336 /* Products */;
			projectDirPath = "";
			projectRoot = "";
			targets = (
				FD79323122D20FE600E7D336 /* Asteroids */,
			);
		};
/* End PBXProject section */

/* Begin PBXResourcesBuildPhase section */
		FD79323022D20FE600E7D336 /* Resources */ = {
			isa = PBXResourcesBuildPhase;
			buildActionMask = 2147483647;
			files = (
				FD53167122DAA8EA00F09E57 /* fire1@2x.png in Resources */,
				659CC040230EDA3500AA087C /* ufo_explosion.wav in Resources */,
				65A4CD6823173624006DEDB0 /* heartbeat_high.wav in Resources */,
				FD79324122D20FE600E7D336 /* Main.storyboard in Resources */,
				FD0C070F22D8925E00F19A55 /* ship_red@2x.png in Resources */,
				FD0C070B22D8925E00F19A55 /* starfield_black@2x.png in Resources */,
				6523C0862316FBAD0071AB4B /* alternate_heartbeat.wav in Resources */,
				FD53169322DC1A0600F09E57 /* lasersmall_red@2x.png in Resources */,
				FD53168422DB445100F09E57 /* meteorbig3@2x.png in Resources */,
				65A4CD6A2317362D006DEDB0 /* heartbeat_low.wav in Resources */,
				FD28DB5A22DFFA87009446A2 /* ufo_green@2x.png in Resources */,
				FD4D53CB2308206D00718938 /* player_laser.wav in Resources */,
				FDA43B26230C01C300A29347 /* warpedship_blue@2x.png in Resources */,
				FD53169122DC1A0600F09E57 /* lasersmall_blue@2x.png in Resources */,
				FD28DB5722DFFA87009446A2 /* meteorhuge1@2x.png in Resources */,
				6523C0842316E54E0071AB4B /* ufo1loop.wav in Resources */,
				FD53168222DB445100F09E57 /* meteorsmall1@2x.png in Resources */,
				FDA43B202308AB9600A29347 /* heartbeat.wav in Resources */,
				FD79323822D20FE600E7D336 /* GameScene.sks in Resources */,
				FDD831F422EE27C700CA4EC6 /* kenvector_future.ttf in Resources */,
				FD53168022DB445100F09E57 /* meteormed1@2x.png in Resources */,
				FD53167F22DB445100F09E57 /* meteorbig1@2x.png in Resources */,
				FD4D53CF230843C900718938 /* meteorbig_hit.wav in Resources */,
				FD4D53C22306B60F00718938 /* life_blue@2x.png in Resources */,
				FD0C070A22D8925E00F19A55 /* starfield_violet@2x.png in Resources */,
				6523C0822316E5400071AB4B /* ufo2loop.wav in Resources */,
				FDD831F922F1AE0D00CA4EC6 /* confignormal.json in Resources */,
				FD53169022DC1A0600F09E57 /* laserbig_blue@2x.png in Resources */,
				FD4D53D1230843C900718938 /* meteorsmall_hit.wav in Resources */,
				FD53168F22DC1A0600F09E57 /* laserbig_red@2x.png in Resources */,
				FD0C070822D8925E00F19A55 /* ship_green@2x.png in Resources */,
				FD53167322DAA8EA00F09E57 /* fire2@2x.png in Resources */,
				FD53168522DB445100F09E57 /* meteorbig2@2x.png in Resources */,
				FD0C070D22D8925E00F19A55 /* starfield_purple@2x.png in Resources */,
				FDE04B2722D5FEA30011A529 /* star1@2x.png in Resources */,
				FD53167E22DB445100F09E57 /* meteorsmall2@2x.png in Resources */,
				FD53169222DC1A0600F09E57 /* lasersmall_green@2x.png in Resources */,
				FD28DB5822DFFA87009446A2 /* ufo_red@2x.png in Resources */,
				FDE04B2822D5FEA30011A529 /* star3@2x.png in Resources */,
				FD0C070C22D8925E00F19A55 /* starfield_blue@2x.png in Resources */,
				FD28DB5422DFFA87009446A2 /* meteorhuge2@2x.png in Resources */,
				FD4D53C523080D3600718938 /* player_explosion.wav in Resources */,
				FD53168322DB445100F09E57 /* meteorbig4@2x.png in Resources */,
				FD79324322D20FE700E7D336 /* Assets.xcassets in Resources */,
				FD28DB5622DFFA87009446A2 /* meteorhuge3@2x.png in Resources */,
				FDA43B24230A111D00A29347 /* meteorhuge_hit.wav in Resources */,
				FD4D53D0230843C900718938 /* meteormed_hit.wav in Resources */,
				FD28DB5922DFFA87009446A2 /* ufo_blue@2x.png in Resources */,
				FD53167222DAA8EA00F09E57 /* fire3@2x.png in Resources */,
				FDE04B2922D5FEA30011A529 /* star2@2x.png in Resources */,
				FDA43B28230C1DC600A29347 /* warpout.wav in Resources */,
				FDA43B1E2308A1A600A29347 /* extra_life.wav in Resources */,
				FD79324622D20FE700E7D336 /* LaunchScreen.storyboard in Resources */,
				FD0C070E22D8925E00F19A55 /* ship_orange@2x.png in Resources */,
				FD53168122DB445100F09E57 /* meteormed2@2x.png in Resources */,
				FD28DB5522DFFA87009446A2 /* ufo_yellow@2x.png in Resources */,
				FD0C070922D8925E00F19A55 /* ship_blue@2x.png in Resources */,
				FD4D53D523085AF800718938 /* player_engines.wav in Resources */,
				FDA43B2A230C2A1D00A29347 /* warpin.wav in Resources */,
				FD53168E22DC1A0600F09E57 /* laserbig_green@2x.png in Resources */,
				FDA43B222308C11E00A29347 /* gameover.wav in Resources */,
			);
			runOnlyForDeploymentPostprocessing = 0;
		};
/* End PBXResourcesBuildPhase section */

/* Begin PBXSourcesBuildPhase section */
		FD79322E22D20FE600E7D336 /* Sources */ = {
			isa = PBXSourcesBuildPhase;
			buildActionMask = 2147483647;
			files = (
				FDE04B2D22D753240011A529 /* TextureCache.swift in Sources */,
				FD79323C22D20FE600E7D336 /* GameScene.swift in Sources */,
				FD79323E22D20FE600E7D336 /* GameViewController.swift in Sources */,
				FDD831F622F187D200CA4EC6 /* GameConfig.swift in Sources */,
				FD79323622D20FE600E7D336 /* AppDelegate.swift in Sources */,
				FDE04B2B22D745470011A529 /* Joystick.swift in Sources */,
				FDDF488722D2A700006FB86F /* SpriteCache.swift in Sources */,
				FDD831F222EDB50200CA4EC6 /* Explosions.swift in Sources */,
				FDCF8CA322DA175F008EDFD1 /* CGHelpers.swift in Sources */,
				FD4D53C02306B47900718938 /* LivesDisplay.swift in Sources */,
				FDCF8CA522DA7296008EDFD1 /* Globals.swift in Sources */,
				FD4D53C723080E7300718938 /* Sounds.swift in Sources */,
				FD53167522DB24EC00F09E57 /* Ship.swift in Sources */,
				659CC03A230EC9FE00AA087C /* UFO.swift in Sources */,
				FD46BD72231415B7008C1F99 /* Playfield.swift in Sources */,
				6513D66C22DC0B4E00B4BD57 /* Button.swift in Sources */,
			);
			runOnlyForDeploymentPostprocessing = 0;
		};
/* End PBXSourcesBuildPhase section */

/* Begin PBXVariantGroup section */
		FD79323F22D20FE600E7D336 /* Main.storyboard */ = {
			isa = PBXVariantGroup;
			children = (
				FD79324022D20FE600E7D336 /* Base */,
			);
			name = Main.storyboard;
			sourceTree = "<group>";
		};
		FD79324422D20FE700E7D336 /* LaunchScreen.storyboard */ = {
			isa = PBXVariantGroup;
			children = (
				FD79324522D20FE700E7D336 /* Base */,
			);
			name = LaunchScreen.storyboard;
			sourceTree = "<group>";
		};
/* End PBXVariantGroup section */

/* Begin XCBuildConfiguration section */
		FD79324822D20FE700E7D336 /* Debug */ = {
			isa = XCBuildConfiguration;
			buildSettings = {
				ALWAYS_SEARCH_USER_PATHS = NO;
				CLANG_ANALYZER_NONNULL = YES;
				CLANG_ANALYZER_NUMBER_OBJECT_CONVERSION = YES_AGGRESSIVE;
				CLANG_CXX_LANGUAGE_STANDARD = "gnu++14";
				CLANG_CXX_LIBRARY = "libc++";
				CLANG_ENABLE_MODULES = YES;
				CLANG_ENABLE_OBJC_ARC = YES;
				CLANG_ENABLE_OBJC_WEAK = YES;
				CLANG_WARN_BLOCK_CAPTURE_AUTORELEASING = YES;
				CLANG_WARN_BOOL_CONVERSION = YES;
				CLANG_WARN_COMMA = YES;
				CLANG_WARN_CONSTANT_CONVERSION = YES;
				CLANG_WARN_DEPRECATED_OBJC_IMPLEMENTATIONS = YES;
				CLANG_WARN_DIRECT_OBJC_ISA_USAGE = YES_ERROR;
				CLANG_WARN_DOCUMENTATION_COMMENTS = YES;
				CLANG_WARN_EMPTY_BODY = YES;
				CLANG_WARN_ENUM_CONVERSION = YES;
				CLANG_WARN_INFINITE_RECURSION = YES;
				CLANG_WARN_INT_CONVERSION = YES;
				CLANG_WARN_NON_LITERAL_NULL_CONVERSION = YES;
				CLANG_WARN_OBJC_IMPLICIT_RETAIN_SELF = YES;
				CLANG_WARN_OBJC_LITERAL_CONVERSION = YES;
				CLANG_WARN_OBJC_ROOT_CLASS = YES_ERROR;
				CLANG_WARN_RANGE_LOOP_ANALYSIS = YES;
				CLANG_WARN_STRICT_PROTOTYPES = YES;
				CLANG_WARN_SUSPICIOUS_MOVE = YES;
				CLANG_WARN_UNGUARDED_AVAILABILITY = YES_AGGRESSIVE;
				CLANG_WARN_UNREACHABLE_CODE = YES;
				CLANG_WARN__DUPLICATE_METHOD_MATCH = YES;
				CODE_SIGN_IDENTITY = "iPhone Developer";
				COPY_PHASE_STRIP = NO;
				DEBUG_INFORMATION_FORMAT = dwarf;
				ENABLE_STRICT_OBJC_MSGSEND = YES;
				ENABLE_TESTABILITY = YES;
				GCC_C_LANGUAGE_STANDARD = gnu11;
				GCC_DYNAMIC_NO_PIC = NO;
				GCC_NO_COMMON_BLOCKS = YES;
				GCC_OPTIMIZATION_LEVEL = 0;
				GCC_PREPROCESSOR_DEFINITIONS = (
					"DEBUG=1",
					"$(inherited)",
				);
				GCC_WARN_64_TO_32_BIT_CONVERSION = YES;
				GCC_WARN_ABOUT_RETURN_TYPE = YES_ERROR;
				GCC_WARN_UNDECLARED_SELECTOR = YES;
				GCC_WARN_UNINITIALIZED_AUTOS = YES_AGGRESSIVE;
				GCC_WARN_UNUSED_FUNCTION = YES;
				GCC_WARN_UNUSED_VARIABLE = YES;
				IPHONEOS_DEPLOYMENT_TARGET = 12.2;
				MTL_ENABLE_DEBUG_INFO = INCLUDE_SOURCE;
				MTL_FAST_MATH = YES;
				ONLY_ACTIVE_ARCH = YES;
				SDKROOT = iphoneos;
				SWIFT_ACTIVE_COMPILATION_CONDITIONS = DEBUG;
				SWIFT_OPTIMIZATION_LEVEL = "-Onone";
			};
			name = Debug;
		};
		FD79324922D20FE700E7D336 /* Release */ = {
			isa = XCBuildConfiguration;
			buildSettings = {
				ALWAYS_SEARCH_USER_PATHS = NO;
				CLANG_ANALYZER_NONNULL = YES;
				CLANG_ANALYZER_NUMBER_OBJECT_CONVERSION = YES_AGGRESSIVE;
				CLANG_CXX_LANGUAGE_STANDARD = "gnu++14";
				CLANG_CXX_LIBRARY = "libc++";
				CLANG_ENABLE_MODULES = YES;
				CLANG_ENABLE_OBJC_ARC = YES;
				CLANG_ENABLE_OBJC_WEAK = YES;
				CLANG_WARN_BLOCK_CAPTURE_AUTORELEASING = YES;
				CLANG_WARN_BOOL_CONVERSION = YES;
				CLANG_WARN_COMMA = YES;
				CLANG_WARN_CONSTANT_CONVERSION = YES;
				CLANG_WARN_DEPRECATED_OBJC_IMPLEMENTATIONS = YES;
				CLANG_WARN_DIRECT_OBJC_ISA_USAGE = YES_ERROR;
				CLANG_WARN_DOCUMENTATION_COMMENTS = YES;
				CLANG_WARN_EMPTY_BODY = YES;
				CLANG_WARN_ENUM_CONVERSION = YES;
				CLANG_WARN_INFINITE_RECURSION = YES;
				CLANG_WARN_INT_CONVERSION = YES;
				CLANG_WARN_NON_LITERAL_NULL_CONVERSION = YES;
				CLANG_WARN_OBJC_IMPLICIT_RETAIN_SELF = YES;
				CLANG_WARN_OBJC_LITERAL_CONVERSION = YES;
				CLANG_WARN_OBJC_ROOT_CLASS = YES_ERROR;
				CLANG_WARN_RANGE_LOOP_ANALYSIS = YES;
				CLANG_WARN_STRICT_PROTOTYPES = YES;
				CLANG_WARN_SUSPICIOUS_MOVE = YES;
				CLANG_WARN_UNGUARDED_AVAILABILITY = YES_AGGRESSIVE;
				CLANG_WARN_UNREACHABLE_CODE = YES;
				CLANG_WARN__DUPLICATE_METHOD_MATCH = YES;
				CODE_SIGN_IDENTITY = "iPhone Developer";
				COPY_PHASE_STRIP = NO;
				DEBUG_INFORMATION_FORMAT = "dwarf-with-dsym";
				ENABLE_NS_ASSERTIONS = NO;
				ENABLE_STRICT_OBJC_MSGSEND = YES;
				GCC_C_LANGUAGE_STANDARD = gnu11;
				GCC_NO_COMMON_BLOCKS = YES;
				GCC_WARN_64_TO_32_BIT_CONVERSION = YES;
				GCC_WARN_ABOUT_RETURN_TYPE = YES_ERROR;
				GCC_WARN_UNDECLARED_SELECTOR = YES;
				GCC_WARN_UNINITIALIZED_AUTOS = YES_AGGRESSIVE;
				GCC_WARN_UNUSED_FUNCTION = YES;
				GCC_WARN_UNUSED_VARIABLE = YES;
				IPHONEOS_DEPLOYMENT_TARGET = 12.2;
				MTL_ENABLE_DEBUG_INFO = NO;
				MTL_FAST_MATH = YES;
				SDKROOT = iphoneos;
				SWIFT_COMPILATION_MODE = wholemodule;
				SWIFT_OPTIMIZATION_LEVEL = "-O";
				VALIDATE_PRODUCT = YES;
			};
			name = Release;
		};
		FD79324B22D20FE700E7D336 /* Debug */ = {
			isa = XCBuildConfiguration;
			buildSettings = {
				ASSETCATALOG_COMPILER_APPICON_NAME = AppIcon;
				CODE_SIGN_IDENTITY = "iPhone Developer";
				CODE_SIGN_STYLE = Automatic;
				DEVELOPMENT_TEAM = 4NCA37UMUQ;
				INFOPLIST_FILE = Asteroids/Info.plist;
				LD_RUNPATH_SEARCH_PATHS = (
					"$(inherited)",
					"@executable_path/Frameworks",
				);
				PRODUCT_BUNDLE_IDENTIFIER = org.davidlong.Asteroids;
				PRODUCT_NAME = "$(TARGET_NAME)";
				PROVISIONING_PROFILE_SPECIFIER = "";
				SWIFT_VERSION = 5.0;
				TARGETED_DEVICE_FAMILY = 2;
			};
			name = Debug;
		};
		FD79324C22D20FE700E7D336 /* Release */ = {
			isa = XCBuildConfiguration;
			buildSettings = {
				ASSETCATALOG_COMPILER_APPICON_NAME = AppIcon;
				CODE_SIGN_IDENTITY = "iPhone Developer";
				CODE_SIGN_STYLE = Automatic;
				DEVELOPMENT_TEAM = 4NCA37UMUQ;
				INFOPLIST_FILE = Asteroids/Info.plist;
				LD_RUNPATH_SEARCH_PATHS = (
					"$(inherited)",
					"@executable_path/Frameworks",
				);
				PRODUCT_BUNDLE_IDENTIFIER = org.davidlong.Asteroids;
				PRODUCT_NAME = "$(TARGET_NAME)";
				PROVISIONING_PROFILE_SPECIFIER = "";
				SWIFT_VERSION = 5.0;
				TARGETED_DEVICE_FAMILY = 2;
			};
			name = Release;
		};
/* End XCBuildConfiguration section */

/* Begin XCConfigurationList section */
		FD79322D22D20FE600E7D336 /* Build configuration list for PBXProject "Asteroids" */ = {
			isa = XCConfigurationList;
			buildConfigurations = (
				FD79324822D20FE700E7D336 /* Debug */,
				FD79324922D20FE700E7D336 /* Release */,
			);
			defaultConfigurationIsVisible = 0;
			defaultConfigurationName = Release;
		};
		FD79324A22D20FE700E7D336 /* Build configuration list for PBXNativeTarget "Asteroids" */ = {
			isa = XCConfigurationList;
			buildConfigurations = (
				FD79324B22D20FE700E7D336 /* Debug */,
				FD79324C22D20FE700E7D336 /* Release */,
			);
			defaultConfigurationIsVisible = 0;
			defaultConfigurationName = Release;
		};
/* End XCConfigurationList section */
	};
	rootObject = FD79322A22D20FE600E7D336 /* Project object */;
}
